docs/models/components/hookingestevent.md
docs/models/components/uploadskillcontentpayloadschemaversion.md
docs/models/components/security.md
models/components/hookingestevent.go
models/components/hookingestsession.go
docs/models/components/hookmcpdata.md
models/components/hookusagedata.go
docs/models/operations/option.md
docs/models/components/skillfeedbackpayloadschemaversion.md
models/apierrors/apierror.go
optionalnullable/optionalnullable.go
optionalnullable/optionalnullable_test.go
retry/config.go
types/bigint.go
types/date.go
USAGE.md
types/datetime.go
types/pointers.go
internal/utils/contenttype.go
internal/utils/env.go
internal/utils/form.go
internal/utils/headers.go
models/components/ingesthookresult.go
internal/utils/json.go
models/components/ingestrequestbody.go
internal/utils/pathparams.go
internal/utils/queryparams.go
speakeasyhooks.go
internal/utils/requestbody.go
docs/models/components/hookingestsession.md
internal/utils/retries.go
internal/utils/security.go
docs/models/components/decision.md
docs/models/components/uploadskillcontentpayload.md
internal/utils/union.go
internal/utils/union_test.go
models/components/hooktoolcalldata.go
internal/utils/utils.go
docs/models/components/hookskilldata.md
docs/models/components/hookpromptdata.md
models/operations/options.go
models/operations/uploadskillcontent.go
models/components/hookpromptattachmententry.go
models/components/skillfeedbackpayload.go
models/components/hookmcpdata.go
internal/hooks/hooks.go
docs/models/operations/ingesthookeventrequest.md
docs/models/operations/skillfeedbacksecurity.md
docs/models/operations/uploadskillcontentrequest.md
internal/config/sdkconfiguration.go
docs/models/components/ingestrequestbody.md
models/apierrors/serviceerror.go
models/operations/skillfeedback.go
docs/models/components/hooktoolcalldata.md
docs/models/operations/skillfeedbackresponse.md
models/components/hookskilldata.go
docs/models/apierrors/serviceerror.md
models/components/hookmcpattributionentry.go
docs/models/components/outcome.md
models/components/hookingestdata.go
models/components/hookpromptdata.go
models/components/hooknotificationdata.go
models/components/hookingestsource.go
docs/models/components/skillfeedbackpayload.md
docs/models/components/hookingestdata.md
docs/models/operations/uploadskillcontentresponse.md
docs/models/operations/ingesthookeventresponse.md
docs/models/operations/skillfeedbackrequest.md
docs/models/components/hookusagedata.md
docs/models/components/hookingestsource.md
docs/models/components/type.md
docs/sdks/hooks/README.md
models/components/uploadskillcontentpayload.go
models/components/security.go
models/operations/ingesthookevent.go
models/components/hookmessagedata.go
docs/models/components/hookpromptattachmententry.md
docs/models/components/hookmcpattributionentry.md
docs/models/operations/uploadskillcontentsecurity.md
hooks.go
docs/models/components/hooknotificationdata.md
docs/models/components/ingesthookresult.md
docs/models/components/hookmessagedata.md
