lockVersion: 2.0.0
id: d192341d-75ae-49e8-9011-4fa299dfcf9e
management:
  docChecksum: ae3e6eafcbc91e364d60e3f3b06cb0d2
  docVersion: 0.0.1
  speakeasyVersion: 1.542.3
  generationVersion: 2.597.9
  releaseVersion: 0.1.2
  configChecksum: 3d2f2fdcd43b413fd7e66c558cfa69a0
  published: true
features:
  python:
    additionalDependencies: 1.0.0
    core: 5.17.1
    defaultEnabledRetries: 0.2.0
    envVarSecurityUsage: 0.3.2
    flattening: 3.1.1
    globalSecurity: 3.0.3
    globalSecurityCallbacks: 1.0.0
    globalServerURLs: 3.1.0
    ignores: 3.0.1
    methodArguments: 1.0.2
    methodSecurity: 3.0.1
    nameOverrides: 3.0.1
    responseFormat: 1.0.1
    retries: 3.0.2
    sdkHooks: 1.0.1
generatedFiles:
  - .gitattributes
  - .python-version
  - .vscode/settings.json
  - USAGE.md
  - docs/models/environment.md
  - docs/models/environmententry.md
  - docs/models/getinstancerequest.md
  - docs/models/getinstanceresult.md
  - docs/models/getinstancesecurity.md
  - docs/models/getinstancesecurityoption1.md
  - docs/models/getinstancesecurityoption2.md
  - docs/models/httptooldefinition.md
  - docs/models/security.md
  - docs/models/serviceerror.md
  - docs/models/utils/retryconfig.md
  - docs/sdks/gramapi/README.md
  - docs/sdks/instances/README.md
  - poetry.toml
  - py.typed
  - pylintrc
  - scripts/prepare_readme.py
  - scripts/publish.sh
  - src/gram_ai/__init__.py
  - src/gram_ai/_hooks/__init__.py
  - src/gram_ai/_hooks/sdkhooks.py
  - src/gram_ai/_hooks/types.py
  - src/gram_ai/_version.py
  - src/gram_ai/basesdk.py
  - src/gram_ai/httpclient.py
  - src/gram_ai/instances.py
  - src/gram_ai/models/__init__.py
  - src/gram_ai/models/apierror.py
  - src/gram_ai/models/environment.py
  - src/gram_ai/models/environmententry.py
  - src/gram_ai/models/getinstanceop.py
  - src/gram_ai/models/getinstanceresult.py
  - src/gram_ai/models/httptooldefinition.py
  - src/gram_ai/models/security.py
  - src/gram_ai/models/serviceerror.py
  - src/gram_ai/py.typed
  - src/gram_ai/sdk.py
  - src/gram_ai/sdkconfiguration.py
  - src/gram_ai/types/__init__.py
  - src/gram_ai/types/basemodel.py
  - src/gram_ai/utils/__init__.py
  - src/gram_ai/utils/annotations.py
  - src/gram_ai/utils/datetimes.py
  - src/gram_ai/utils/enums.py
  - src/gram_ai/utils/eventstreaming.py
  - src/gram_ai/utils/forms.py
  - src/gram_ai/utils/headers.py
  - src/gram_ai/utils/logger.py
  - src/gram_ai/utils/metadata.py
  - src/gram_ai/utils/queryparams.py
  - src/gram_ai/utils/requestbodies.py
  - src/gram_ai/utils/retries.py
  - src/gram_ai/utils/security.py
  - src/gram_ai/utils/serializers.py
  - src/gram_ai/utils/url.py
  - src/gram_ai/utils/values.py
examples:
  getInstance:
    speakeasy-default-get-instance:
      parameters:
        query:
          toolset_slug: "<value>"
        header: {}
      responses:
        "200":
          application/json: {"environment": {"created_at": "2025-09-06T15:47:55.334Z", "entries": [{"created_at": "2023-10-17T17:29:24.836Z", "name": "<value>", "updated_at": "2023-05-13T16:40:27.328Z", "value": "<value>"}], "id": "<id>", "name": "<value>", "organization_id": "<id>", "project_id": "<id>", "slug": "<value>", "updated_at": "2023-09-10T09:37:31.701Z"}, "name": "<value>", "tools": []}
        "400":
          application/json: {"fault": false, "id": "123abc", "message": "parameter 'p' must be an integer", "name": "bad_request", "temporary": true, "timeout": true}
        "500":
          application/json: {"fault": true, "id": "123abc", "message": "parameter 'p' must be an integer", "name": "bad_request", "temporary": true, "timeout": true}
examplesVersion: 1.0.1
generatedTests: {}
