lockVersion: 2.0.0
id: 1536f638-1fda-4f8e-a2c3-c7ca9e12fb09
management:
  docChecksum: 3e884a7dd440ce134f30e9a600bf8b25
  docVersion: 0.0.1
  speakeasyVersion: 1.531.5
  generationVersion: 2.570.4
  releaseVersion: 0.4.5
  configChecksum: 7b65da2156e85d362d399bec63f1630f
features:
  typescript:
    additionalDependencies: 0.1.0
    core: 3.21.6
    defaultEnabledRetries: 0.1.0
    envVarSecurityUsage: 0.1.2
    globalSecurity: 2.82.13
    globalSecurityCallbacks: 0.1.0
    globalServerURLs: 2.82.4
    ignores: 2.81.1
    methodArguments: 0.1.2
    methodSecurity: 2.82.6
    nameOverrides: 2.81.2
    responseFormat: 0.2.3
    retries: 2.83.0
    sdkHooks: 0.2.0
generatedFiles:
  - .gitattributes
  - .npmignore
  - FUNCTIONS.md
  - RUNTIMES.md
  - USAGE.md
  - docs/lib/utils/retryconfig.md
  - docs/models/components/environment.md
  - docs/models/components/environmententry.md
  - docs/models/components/getinstanceresult.md
  - docs/models/components/httptooldefinition.md
  - docs/models/components/security.md
  - docs/models/operations/getinstancerequest.md
  - docs/models/operations/getinstancesecurity.md
  - docs/models/operations/getinstancesecurityoption1.md
  - docs/models/operations/getinstancesecurityoption2.md
  - docs/sdks/gramapi/README.md
  - docs/sdks/instances/README.md
  - eslint.config.mjs
  - jsr.json
  - package.json
  - src/core.ts
  - src/funcs/instancesGetBySlug.ts
  - src/hooks/hooks.ts
  - src/hooks/index.ts
  - src/hooks/types.ts
  - src/index.ts
  - src/lib/base64.ts
  - src/lib/config.ts
  - src/lib/dlv.ts
  - src/lib/encodings.ts
  - src/lib/files.ts
  - src/lib/http.ts
  - src/lib/is-plain-object.ts
  - src/lib/logger.ts
  - src/lib/matchers.ts
  - src/lib/primitives.ts
  - src/lib/retries.ts
  - src/lib/schemas.ts
  - src/lib/sdks.ts
  - src/lib/security.ts
  - src/lib/url.ts
  - src/models/components/environment.ts
  - src/models/components/environmententry.ts
  - src/models/components/getinstanceresult.ts
  - src/models/components/httptooldefinition.ts
  - src/models/components/index.ts
  - src/models/components/security.ts
  - src/models/errors/apierror.ts
  - src/models/errors/httpclienterrors.ts
  - src/models/errors/index.ts
  - src/models/errors/sdkvalidationerror.ts
  - src/models/operations/getinstance.ts
  - src/models/operations/index.ts
  - src/sdk/index.ts
  - src/sdk/instances.ts
  - src/sdk/sdk.ts
  - src/types/async.ts
  - src/types/blobs.ts
  - src/types/constdatetime.ts
  - src/types/enums.ts
  - src/types/fp.ts
  - src/types/index.ts
  - src/types/operations.ts
  - src/types/rfcdate.ts
  - src/types/streams.ts
  - tsconfig.json
examples:
  assets#uploadOpenAPIv3:
    speakeasy-default-assets#upload-open-AP-iv3:
      parameters:
        header:
          Content-Length: 924456
      requestBody:
        '*/*': "x-file: example.file"
      responses:
        "200":
          application/json: {"asset": {"content_length": 309292, "content_type": "<value>", "created_at": "2025-08-06T08:52:40.387Z", "id": "<id>", "kind": "openapiv3", "sha256": "<value>", "updated_at": "2024-07-07T16:19:35.673Z", "url": "https://deafening-loaf.name"}}
  auth#callback:
    speakeasy-default-auth#callback:
      parameters:
        query:
          shared_token: "<value>"
  auth#info:
    speakeasy-default-auth#info:
      responses:
        "200":
          application/json: {"active_organization_id": "<id>", "organizations": [{"account_type": "<value>", "organization_id": "<id>", "organization_name": "<value>", "organization_slug": "<value>", "projects": [{"project_id": "<id>", "project_name": "<value>", "project_slug": "<value>"}, {"project_id": "<id>", "project_name": "<value>", "project_slug": "<value>"}, {"project_id": "<id>", "project_name": "<value>", "project_slug": "<value>"}]}], "user_email": "<value>", "user_id": "<id>"}
  auth#logout: {}
  auth#switchScopes: {}
  deployments#addOpenAPIv3Source:
    speakeasy-default-deployments#add-open-AP-iv3-source:
      requestBody:
        application/json: {"asset_id": "<id>", "name": "<value>", "slug": "<value>"}
      responses:
        "200":
          application/json: {"deployment": {"created_at": "2025-06-05T00:59:43.463Z", "external_id": "bc5f4a555e933e6861d12edba4c2d87ef6caf8e6", "github_pr": "1234", "github_repo": "speakeasyapi/gram", "github_sha": "f33e693e9e12552043bc0ec5c37f1b8a9e076161", "id": "bc5f4a555e933e6861d12edba4c2d87ef6caf8e6", "idempotency_key": "01jqq0ajmb4qh9eppz48dejr2m", "openapiv3_assets": [{"asset_id": "<id>", "id": "<id>", "name": "<value>", "slug": "<value>"}], "organization_id": "<id>", "project_id": "<id>", "status": "<value>", "user_id": "<id>"}}
  deployments#createDeployment:
    "":
      parameters:
        header:
          Idempotency-Key: "01jqq0ajmb4qh9eppz48dejr2m"
      requestBody:
        application/json: {"external_id": "bc5f4a555e933e6861d12edba4c2d87ef6caf8e6", "github_pr": "1234", "github_repo": "speakeasyapi/gram", "github_sha": "f33e693e9e12552043bc0ec5c37f1b8a9e076161"}
      responses:
        "200":
          application/json: {"deployment": {"created_at": "2024-01-18T04:57:23.652Z", "external_id": "bc5f4a555e933e6861d12edba4c2d87ef6caf8e6", "github_pr": "1234", "github_repo": "speakeasyapi/gram", "github_sha": "f33e693e9e12552043bc0ec5c37f1b8a9e076161", "id": "bc5f4a555e933e6861d12edba4c2d87ef6caf8e6", "idempotency_key": "01jqq0ajmb4qh9eppz48dejr2m", "openapiv3_assets": [], "organization_id": "<id>", "project_id": "<id>", "status": "<value>", "user_id": "<id>"}}
  deployments#getDeployment:
    speakeasy-default-deployments#get-deployment:
      parameters:
        query:
          id: "<id>"
        header: {}
      responses:
        "200":
          application/json: {"created_at": "2025-04-28T00:14:36.618Z", "external_id": "bc5f4a555e933e6861d12edba4c2d87ef6caf8e6", "github_pr": "1234", "github_repo": "speakeasyapi/gram", "github_sha": "f33e693e9e12552043bc0ec5c37f1b8a9e076161", "id": "bc5f4a555e933e6861d12edba4c2d87ef6caf8e6", "idempotency_key": "01jqq0ajmb4qh9eppz48dejr2m", "openapiv3_assets": [{"asset_id": "<id>", "id": "<id>", "name": "<value>", "slug": "<value>"}, {"asset_id": "<id>", "id": "<id>", "name": "<value>", "slug": "<value>"}], "organization_id": "<id>", "project_id": "<id>", "status": "<value>", "user_id": "<id>"}
  deployments#listDeployments:
    speakeasy-default-deployments#list-deployments:
      responses:
        "200":
          application/json: {"items": [{"asset_count": 456392, "created_at": "2025-06-24T06:00:13.351Z", "id": "bc5f4a555e933e6861d12edba4c2d87ef6caf8e6", "user_id": "<id>"}], "next_cursor": "01jp3f054qc02gbcmpp0qmyzed"}
  environments#createEnvironment:
    speakeasy-default-environments#create-environment:
      requestBody:
        application/json: {"entries": [], "name": "<value>", "organization_id": "<id>"}
      responses:
        "200":
          application/json: {"created_at": "2024-12-08T14:08:22.081Z", "entries": [{"created_at": "2025-08-12T14:04:12.312Z", "name": "<value>", "updated_at": "2024-09-24T01:28:36.076Z", "value": "<value>"}], "id": "<id>", "name": "<value>", "organization_id": "<id>", "project_id": "<id>", "slug": "<value>", "updated_at": "2024-01-27T21:16:48.167Z"}
  environments#deleteEnvironment:
    speakeasy-default-environments#delete-environment:
      parameters:
        path:
          slug: "<value>"
        header: {}
  environments#listEnvironments:
    speakeasy-default-environments#list-environments:
      responses:
        "200":
          application/json: {"environments": [{"created_at": "2023-04-09T09:12:47.380Z", "entries": [{"created_at": "2025-10-02T09:18:08.014Z", "name": "<value>", "updated_at": "2024-02-21T19:19:10.126Z", "value": "<value>"}], "id": "<id>", "name": "<value>", "organization_id": "<id>", "project_id": "<id>", "slug": "<value>", "updated_at": "2024-11-07T04:05:23.413Z"}]}
  environments#updateEnvironment:
    speakeasy-default-environments#update-environment:
      parameters:
        path:
          slug: "<value>"
        header: {}
      requestBody:
        application/json: {"entries_to_remove": ["<value>"], "entries_to_update": []}
      responses:
        "200":
          application/json: {"created_at": "2023-08-07T22:29:01.687Z", "entries": [], "id": "<id>", "name": "<value>", "organization_id": "<id>", "project_id": "<id>", "slug": "<value>", "updated_at": "2025-05-25T04:22:07.250Z"}
  instances#loadInstance:
    speakeasy-default-instances#load-instance:
      parameters:
        query:
          toolset_slug: "<value>"
        header: {}
      responses:
        "200":
          application/json: {"environment": {"created_at": "2023-07-31T19:02:18.027Z", "entries": [{"created_at": "2024-06-04T14:37:25.747Z", "name": "<value>", "updated_at": "2023-08-10T06:48:28.182Z", "value": "<value>"}, {"created_at": "2024-05-13T08:19:13.014Z", "name": "<value>", "updated_at": "2024-04-23T11:43:05.947Z", "value": "<value>"}, {"created_at": "2023-12-20T05:46:23.123Z", "name": "<value>", "updated_at": "2024-08-03T16:29:36.656Z", "value": "<value>"}], "id": "<id>", "name": "<value>", "organization_id": "<id>", "project_id": "<id>", "slug": "<value>", "updated_at": "2023-09-25T14:32:40.435Z"}, "name": "<value>", "tools": [{"created_at": "2025-06-14T23:33:47.853Z", "deployment_id": "<id>", "description": "whopping pro victoriously provided zowie confound habit", "http_method": "<value>", "id": "<id>", "name": "<value>", "path": "/etc/defaults", "project_id": "<id>", "schema": "<value>", "summary": "<value>", "tags": [], "updated_at": "2024-10-22T20:00:15.335Z"}, {"created_at": "2023-07-08T16:52:36.181Z", "deployment_id": "<id>", "description": "powerless modulo happily violently gah provided daily", "http_method": "<value>", "id": "<id>", "name": "<value>", "path": "/srv", "project_id": "<id>", "schema": "<value>", "summary": "<value>", "tags": ["<value>", "<value>", "<value>"], "updated_at": "2024-06-22T07:26:27.262Z"}]}
  keys#createKey:
    speakeasy-default-keys#create-key:
      requestBody:
        application/json: {"name": "<value>"}
      responses:
        "200":
          application/json: {"created_at": "2023-02-04T15:44:05.452Z", "created_by_user_id": "<id>", "id": "<id>", "name": "<value>", "organization_id": "<id>", "scopes": [], "token": "<value>", "updated_at": "2025-10-26T04:54:37.718Z"}
  keys#listKeys:
    speakeasy-default-keys#list-keys:
      responses:
        "200":
          application/json: {"keys": [{"created_at": "2025-01-16T17:32:25.648Z", "created_by_user_id": "<id>", "id": "<id>", "name": "<value>", "organization_id": "<id>", "scopes": ["<value>", "<value>", "<value>"], "token": "<value>", "updated_at": "2023-04-03T20:02:04.409Z"}]}
  keys#revokeKey:
    speakeasy-default-keys#revoke-key:
      parameters:
        path:
          id: "<id>"
        header: {}
  tools#listTools:
    speakeasy-default-tools#list-tools:
      responses:
        "200":
          application/json: {"tools": [{"created_at": "2023-06-14T22:04:15.509Z", "deployment_id": "<id>", "description": "rubric while smoothly unless yeast", "http_method": "<value>", "id": "<id>", "name": "<value>", "path": "/usr/src", "project_id": "<id>", "schema": "<value>", "summary": "<value>", "tags": ["<value>", "<value>", "<value>"], "updated_at": "2023-04-29T20:57:29.586Z"}]}
  toolsets#createToolset:
    speakeasy-default-toolsets#create-toolset:
      requestBody:
        application/json: {"name": "<value>"}
      responses:
        "200":
          application/json: {"created_at": "2025-01-31T23:54:16.910Z", "http_tools": [], "id": "<id>", "name": "<value>", "organization_id": "<id>", "project_id": "<id>", "slug": "<value>", "updated_at": "2024-11-23T20:15:31.508Z"}
  toolsets#deleteToolset:
    speakeasy-default-toolsets#delete-toolset:
      parameters:
        path:
          slug: "<value>"
        header: {}
  toolsets#getToolsetDetails:
    speakeasy-default-toolsets#get-toolset-details:
      parameters:
        path:
          slug: "<value>"
        header: {}
      responses:
        "200":
          application/json: {"created_at": "2024-04-05T12:22:08.877Z", "http_tools": [{"created_at": "2025-06-30T15:43:44.156Z", "deployment_id": "<id>", "description": "cook jellyfish perspire until embossing er offensively as uselessly", "http_method": "<value>", "id": "<id>", "name": "<value>", "path": "/usr/share", "project_id": "<id>", "schema": "<value>", "summary": "<value>", "tags": ["<value>", "<value>", "<value>"], "updated_at": "2024-12-06T23:51:20.681Z"}], "id": "<id>", "name": "<value>", "organization_id": "<id>", "project_id": "<id>", "slug": "<value>", "updated_at": "2025-10-26T16:46:42.146Z"}
  toolsets#listToolsets:
    speakeasy-default-toolsets#list-toolsets:
      responses:
        "200":
          application/json: {"toolsets": []}
  toolsets#updateToolset:
    speakeasy-default-toolsets#update-toolset:
      parameters:
        path:
          slug: "<value>"
        header: {}
      requestBody:
        application/json: {}
      responses:
        "200":
          application/json: {"created_at": "2023-10-11T13:18:21.498Z", "http_tools": [{"created_at": "2023-10-03T01:38:33.695Z", "deployment_id": "<id>", "description": "energetically under an pish", "http_method": "<value>", "id": "<id>", "name": "<value>", "path": "/Applications", "project_id": "<id>", "schema": "<value>", "summary": "<value>", "tags": ["<value>"], "updated_at": "2024-05-28T13:20:29.259Z"}], "id": "<id>", "name": "<value>", "organization_id": "<id>", "project_id": "<id>", "slug": "<value>", "updated_at": "2024-05-06T02:30:28.396Z"}
  loadInstance:
    speakeasy-default-load-instance:
      parameters:
        query:
          toolset_slug: "<value>"
        header: {}
      responses:
        "200":
          application/json: {"environment": {"created_at": "2025-04-30T10:11:49.833Z", "entries": [], "id": "<id>", "name": "<value>", "organization_id": "<id>", "project_id": "<id>", "slug": "<value>", "updated_at": "2023-07-22T09:00:14.525Z"}, "name": "<value>", "tools": [{"created_at": "2025-04-27T15:39:41.657Z", "deployment_id": "<id>", "description": "qua ew whitewash", "http_method": "<value>", "id": "<id>", "name": "<value>", "path": "/Library", "project_id": "<id>", "schema": "<value>", "summary": "<value>", "tags": ["<value>", "<value>"], "updated_at": "2025-04-14T01:05:16.425Z"}, {"created_at": "2023-11-25T13:02:35.894Z", "deployment_id": "<id>", "description": "steeple randomize uh-huh heartfelt sweetly yippee rim shadowbox not specific", "http_method": "<value>", "id": "<id>", "name": "<value>", "path": "/usr/X11R6", "project_id": "<id>", "schema": "<value>", "summary": "<value>", "tags": ["<value>", "<value>"], "updated_at": "2025-06-11T15:26:29.539Z"}]}
  getInstance:
    speakeasy-default-get-instance:
      parameters:
        query:
          toolset_slug: "<value>"
        header: {}
      responses:
        "200":
          application/json: {"environment": {"created_at": "2025-09-06T15:47:55.334Z", "entries": [{"created_at": "2023-10-17T17:29:24.836Z", "name": "<value>", "updated_at": "2023-05-13T16:40:27.328Z", "value": "<value>"}], "id": "<id>", "name": "<value>", "organization_id": "<id>", "project_id": "<id>", "slug": "<value>", "updated_at": "2023-09-10T09:37:31.701Z"}, "name": "<value>", "tools": []}
examplesVersion: 1.0.1
generatedTests: {}
