lockVersion: 2.0.0
id: 9370ecc1-f153-41ec-b92b-7623996de685
management:
  docChecksum: 6d4858fe2ce641bdcb8cc9e0fe12d4e8
  docVersion: 0.0.1
  speakeasyVersion: 1.494.0
  generationVersion: 2.515.0
  releaseVersion: 0.0.1
  configChecksum: c5e22472cd39c5a5f1222a0bcc9f283d
features:
  typescript:
    additionalDependencies: 0.1.0
    constsAndDefaults: 0.1.11
    core: 3.20.0
    defaultEnabledRetries: 0.1.0
    devContainers: 2.90.0
    enumUnions: 0.1.0
    envVarSecurityUsage: 0.1.2
    globalSecurity: 2.82.13
    globalSecurityCallbacks: 0.1.0
    globalSecurityFlattening: 0.1.0
    globalServerURLs: 2.82.4
    responseFormat: 0.2.3
    retries: 2.83.0
    sdkHooks: 0.2.0
generatedFiles:
  - .devcontainer/README.md
  - .devcontainer/devcontainer.json
  - .devcontainer/setup.sh
  - .gitattributes
  - .npmignore
  - FUNCTIONS.md
  - RUNTIMES.md
  - USAGE.md
  - docs/lib/utils/retryconfig.md
  - docs/models/components/asset.md
  - docs/models/components/createdeploymentform.md
  - docs/models/components/createdeploymentresult.md
  - docs/models/components/createtoolsetform.md
  - docs/models/components/deployment.md
  - docs/models/components/getdeploymentresult.md
  - docs/models/components/healthcheckresult.md
  - docs/models/components/httptooldefinition.md
  - docs/models/components/inforesponsebody.md
  - docs/models/components/kind.md
  - docs/models/components/listdeploymentresult.md
  - docs/models/components/listtoolsetsresult.md
  - docs/models/components/organization.md
  - docs/models/components/project.md
  - docs/models/components/security.md
  - docs/models/components/toolset.md
  - docs/models/components/toolsetdetails.md
  - docs/models/components/updatetoolsetrequestbody.md
  - docs/models/components/uploadopenapiv3result.md
  - docs/models/operations/assetsnumberuploadopenapiv3request.md
  - docs/models/operations/authnumbercallbackrequest.md
  - docs/models/operations/authnumbercallbackresponse.md
  - docs/models/operations/authnumberinforequest.md
  - docs/models/operations/authnumberinforesponse.md
  - docs/models/operations/authnumberlogoutrequest.md
  - docs/models/operations/authnumberlogoutresponse.md
  - docs/models/operations/authnumberswitchscopesrequest.md
  - docs/models/operations/authnumberswitchscopesresponse.md
  - docs/models/operations/deploymentsnumbercreatedeploymentrequest.md
  - docs/models/operations/deploymentsnumbergetdeploymentrequest.md
  - docs/models/operations/deploymentsnumberlistdeploymentsrequest.md
  - docs/models/operations/toolsetsnumbercreatetoolsetrequest.md
  - docs/models/operations/toolsetsnumbergettoolsetdetailsrequest.md
  - docs/models/operations/toolsetsnumberlisttoolsetsrequest.md
  - docs/models/operations/toolsetsnumberupdatetoolsetrequest.md
  - docs/sdks/assets/README.md
  - docs/sdks/auth/README.md
  - docs/sdks/deployments/README.md
  - docs/sdks/gram/README.md
  - docs/sdks/system/README.md
  - docs/sdks/toolsets/README.md
  - eslint.config.mjs
  - jsr.json
  - package.json
  - src/core.ts
  - src/funcs/assetsAssetsNumberUploadOpenAPIv3.ts
  - src/funcs/authAuthNumberCallback.ts
  - src/funcs/authAuthNumberInfo.ts
  - src/funcs/authAuthNumberLogout.ts
  - src/funcs/authAuthNumberSwitchScopes.ts
  - src/funcs/deploymentsDeploymentsNumberCreateDeployment.ts
  - src/funcs/deploymentsDeploymentsNumberGetDeployment.ts
  - src/funcs/deploymentsDeploymentsNumberListDeployments.ts
  - src/funcs/systemSystemNumberHealthCheck.ts
  - src/funcs/toolsetsToolsetsNumberCreateToolset.ts
  - src/funcs/toolsetsToolsetsNumberGetToolsetDetails.ts
  - src/funcs/toolsetsToolsetsNumberListToolsets.ts
  - src/funcs/toolsetsToolsetsNumberUpdateToolset.ts
  - src/hooks/hooks.ts
  - src/hooks/index.ts
  - src/hooks/types.ts
  - src/index.ts
  - src/lib/base64.ts
  - src/lib/config.ts
  - src/lib/dlv.ts
  - src/lib/encodings.ts
  - src/lib/env.ts
  - src/lib/files.ts
  - src/lib/http.ts
  - src/lib/is-plain-object.ts
  - src/lib/logger.ts
  - src/lib/matchers.ts
  - src/lib/primitives.ts
  - src/lib/retries.ts
  - src/lib/schemas.ts
  - src/lib/sdks.ts
  - src/lib/security.ts
  - src/lib/url.ts
  - src/models/components/asset.ts
  - src/models/components/createdeploymentform.ts
  - src/models/components/createdeploymentresult.ts
  - src/models/components/createtoolsetform.ts
  - src/models/components/deployment.ts
  - src/models/components/getdeploymentresult.ts
  - src/models/components/healthcheckresult.ts
  - src/models/components/httptooldefinition.ts
  - src/models/components/index.ts
  - src/models/components/inforesponsebody.ts
  - src/models/components/listdeploymentresult.ts
  - src/models/components/listtoolsetsresult.ts
  - src/models/components/organization.ts
  - src/models/components/project.ts
  - src/models/components/security.ts
  - src/models/components/toolset.ts
  - src/models/components/toolsetdetails.ts
  - src/models/components/updatetoolsetrequestbody.ts
  - src/models/components/uploadopenapiv3result.ts
  - src/models/errors/apierror.ts
  - src/models/errors/httpclienterrors.ts
  - src/models/errors/index.ts
  - src/models/errors/sdkvalidationerror.ts
  - src/models/operations/assetsnumberuploadopenapiv3.ts
  - src/models/operations/authnumbercallback.ts
  - src/models/operations/authnumberinfo.ts
  - src/models/operations/authnumberlogout.ts
  - src/models/operations/authnumberswitchscopes.ts
  - src/models/operations/deploymentsnumbercreatedeployment.ts
  - src/models/operations/deploymentsnumbergetdeployment.ts
  - src/models/operations/deploymentsnumberlistdeployments.ts
  - src/models/operations/index.ts
  - src/models/operations/toolsetsnumbercreatetoolset.ts
  - src/models/operations/toolsetsnumbergettoolsetdetails.ts
  - src/models/operations/toolsetsnumberlisttoolsets.ts
  - src/models/operations/toolsetsnumberupdatetoolset.ts
  - src/sdk/assets.ts
  - src/sdk/auth.ts
  - src/sdk/deployments.ts
  - src/sdk/index.ts
  - src/sdk/sdk.ts
  - src/sdk/system.ts
  - src/sdk/toolsets.ts
  - src/types/async.ts
  - src/types/blobs.ts
  - src/types/constdatetime.ts
  - src/types/enums.ts
  - src/types/fp.ts
  - src/types/index.ts
  - src/types/operations.ts
  - src/types/rfcdate.ts
  - src/types/streams.ts
  - tsconfig.json
examples:
  system#healthCheck:
    "":
      responses:
        "200":
          application/json: {"status": "Animi explicabo fuga voluptas perspiciatis quod perspiciatis."}
  assets#uploadOpenAPIv3:
    "":
      parameters:
        header:
          Content-Length: 7164378408374255000
          Gram-Project-ID: "Et ratione et in."
          X-Gram-Session: "Et repellat sed ipsam ipsam saepe."
      responses:
        "200":
          application/json: {"asset": {"content_length": 6414322186540583000, "content_type": "Ipsam velit quis id.", "created_at": "2008-06-07T05:35:59Z", "id": "Inventore ut aut.", "kind": "unknown", "sha256": "Accusantium architecto ducimus.", "updated_at": "2014-11-18T06:03:49Z", "url": "Recusandae facilis voluptatem et eaque magni quia."}}
  auth#callback:
    "":
      parameters:
        query:
          shared_token: "Mollitia labore et id nihil id."
  auth#info:
    "":
      parameters:
        header:
          X-Gram-Session: "Recusandae et soluta ex."
      responses:
        "200":
          application/json: {"active_organization_id": "Ab ut omnis amet temporibus autem eaque.", "organizations": [{"account_type": "Dolor voluptatem magnam doloribus accusantium id nihil.", "organization_id": "Sunt provident velit accusantium.", "organization_name": "Corporis placeat neque enim omnis.", "organization_slug": "Perspiciatis ipsum occaecati quasi et amet.", "projects": [{"project_id": "Optio dolorem nihil iusto consequatur error facilis."}, {"project_id": "Optio dolorem nihil iusto consequatur error facilis."}]}, {"account_type": "Dolor voluptatem magnam doloribus accusantium id nihil.", "organization_id": "Sunt provident velit accusantium.", "organization_name": "Corporis placeat neque enim omnis.", "organization_slug": "Perspiciatis ipsum occaecati quasi et amet.", "projects": [{"project_id": "Optio dolorem nihil iusto consequatur error facilis."}, {"project_id": "Optio dolorem nihil iusto consequatur error facilis."}]}], "user_email": "Nisi vero.", "user_id": "Totam a."}
  auth#logout:
    "":
      parameters:
        header:
          X-Gram-Session: "A atque voluptatum non velit iste possimus."
  auth#switchScopes:
    "":
      parameters:
        query:
          organization_id: "Quaerat tenetur et rerum non."
          project_id: "Vero odio voluptas aut."
        header:
          X-Gram-Session: "Molestiae mollitia voluptatem."
  deployments#createDeployment:
    "":
      parameters:
        header:
          X-Gram-Session: "Sint autem aut."
      requestBody:
        application/json: {"external_id": "bc5f4a555e933e6861d12edba4c2d87ef6caf8e6", "external_url": "Laudantium quia animi praesentium quas vitae esse.", "github_repo": "speakeasyapi/gram", "github_sha": "f33e693e9e12552043bc0ec5c37f1b8a9e076161", "idempotency_key": "01jqq0ajmb4qh9eppz48dejr2m", "openapiv3_asset_ids": ["Laudantium consequatur placeat.", "Ipsum saepe quis.", "Nobis enim illum molestiae ut.", "Excepturi ad excepturi consectetur enim cum."]}
      responses:
        "200":
          application/json: {}
  deployments#getDeployment:
    "":
      parameters:
        query:
          id: "Exercitationem totam neque."
        header:
          X-Gram-Session: "Reiciendis quibusdam."
      responses:
        "200":
          application/json: {"created_at": "2010-01-01T02:39:09Z", "external_id": "bc5f4a555e933e6861d12edba4c2d87ef6caf8e6", "external_url": "Adipisci dolor voluptas molestias.", "github_repo": "speakeasyapi/gram", "github_sha": "f33e693e9e12552043bc0ec5c37f1b8a9e076161", "id": "bc5f4a555e933e6861d12edba4c2d87ef6caf8e6", "idempotency_key": "01jqq0ajmb4qh9eppz48dejr2m", "openapiv3_asset_ids": ["Saepe incidunt velit reiciendis.", "Harum et.", "Magnam dolor id totam inventore officiis quia."], "organization_id": "Aliquid voluptatem.", "project_id": "Quos deserunt doloribus velit non laboriosam ut.", "user_id": "Est et est."}
  deployments#listDeployments:
    "":
      parameters:
        query:
          cursor: "Dolores nisi quos magni quo."
          limit: 36
        header:
          X-Gram-Session: "Tempore voluptatum sunt quo."
      responses:
        "200":
          application/json: {"items": [{"created_at": "1994-12-22T18:47:02Z", "external_id": "bc5f4a555e933e6861d12edba4c2d87ef6caf8e6", "external_url": "Est ad.", "github_repo": "speakeasyapi/gram", "github_sha": "f33e693e9e12552043bc0ec5c37f1b8a9e076161", "id": "bc5f4a555e933e6861d12edba4c2d87ef6caf8e6", "idempotency_key": "01jqq0ajmb4qh9eppz48dejr2m", "openapiv3_asset_ids": ["Soluta velit dolores.", "Aut veniam voluptas at unde ut.", "Quam architecto facere accusamus illum quibusdam deleniti.", "Ab in quisquam saepe dicta ea libero."], "organization_id": "Rerum at eaque qui libero aut.", "project_id": "Quia distinctio cumque assumenda veniam excepturi.", "user_id": "Et voluptates ratione."}, {"created_at": "1994-12-22T18:47:02Z", "external_id": "bc5f4a555e933e6861d12edba4c2d87ef6caf8e6", "external_url": "Est ad.", "github_repo": "speakeasyapi/gram", "github_sha": "f33e693e9e12552043bc0ec5c37f1b8a9e076161", "id": "bc5f4a555e933e6861d12edba4c2d87ef6caf8e6", "idempotency_key": "01jqq0ajmb4qh9eppz48dejr2m", "openapiv3_asset_ids": ["Soluta velit dolores.", "Aut veniam voluptas at unde ut.", "Quam architecto facere accusamus illum quibusdam deleniti.", "Ab in quisquam saepe dicta ea libero."], "organization_id": "Rerum at eaque qui libero aut.", "project_id": "Quia distinctio cumque assumenda veniam excepturi.", "user_id": "Et voluptates ratione."}, {"created_at": "1994-12-22T18:47:02Z", "external_id": "bc5f4a555e933e6861d12edba4c2d87ef6caf8e6", "external_url": "Est ad.", "github_repo": "speakeasyapi/gram", "github_sha": "f33e693e9e12552043bc0ec5c37f1b8a9e076161", "id": "bc5f4a555e933e6861d12edba4c2d87ef6caf8e6", "idempotency_key": "01jqq0ajmb4qh9eppz48dejr2m", "openapiv3_asset_ids": ["Soluta velit dolores.", "Aut veniam voluptas at unde ut.", "Quam architecto facere accusamus illum quibusdam deleniti.", "Ab in quisquam saepe dicta ea libero."], "organization_id": "Rerum at eaque qui libero aut.", "project_id": "Quia distinctio cumque assumenda veniam excepturi.", "user_id": "Et voluptates ratione."}, {"created_at": "1994-12-22T18:47:02Z", "external_id": "bc5f4a555e933e6861d12edba4c2d87ef6caf8e6", "external_url": "Est ad.", "github_repo": "speakeasyapi/gram", "github_sha": "f33e693e9e12552043bc0ec5c37f1b8a9e076161", "id": "bc5f4a555e933e6861d12edba4c2d87ef6caf8e6", "idempotency_key": "01jqq0ajmb4qh9eppz48dejr2m", "openapiv3_asset_ids": ["Soluta velit dolores.", "Aut veniam voluptas at unde ut.", "Quam architecto facere accusamus illum quibusdam deleniti.", "Ab in quisquam saepe dicta ea libero."], "organization_id": "Rerum at eaque qui libero aut.", "project_id": "Quia distinctio cumque assumenda veniam excepturi.", "user_id": "Et voluptates ratione."}], "next_cursor": "01jp3f054qc02gbcmpp0qmyzed"}
  toolsets#createToolset:
    "":
      parameters:
        header:
          X-Gram-Session: "Earum dolorum ipsam enim temporibus aut omnis."
      requestBody:
        application/json: {"description": "Voluptatem mollitia dolor explicabo doloribus.", "http_tool_ids": ["Assumenda commodi pariatur reprehenderit.", "Ipsa molestiae voluptas nemo.", "Iusto voluptas culpa sed."], "name": "Labore consectetur doloribus distinctio officiis.", "project_id": "Eos dolorem excepturi voluptatibus quisquam."}
      responses:
        "200":
          application/json: {"created_at": "Quos voluptas unde laboriosam laborum sint quasi.", "description": "Qui dolorem natus porro aut.", "http_tool_ids": ["Repellat voluptatem aliquid.", "Labore sapiente atque ut minima quia iure."], "id": "Asperiores explicabo et sit in vel labore.", "name": "Dolor maxime quam vel ut.", "organization_id": "Officiis dignissimos distinctio mollitia tempora maiores ea.", "project_id": "At praesentium voluptates error sed.", "updated_at": "Consequatur qui ea aut."}
  toolsets#getToolsetDetails:
    "":
      parameters:
        path:
          id: "Et consectetur velit asperiores."
        header:
          X-Gram-Session: "Optio qui quo."
      responses:
        "200":
          application/json: {"created_at": "Accusantium cumque.", "description": "Voluptatem ea corrupti non ipsa.", "http_tools": [{"apikey_env_var": "Nesciunt et dolores deleniti aut ipsam.", "bearer_env_var": "Corporis dolor.", "body_schema": "Praesentium voluptas dolor magnam voluptates est.", "description": "Et dignissimos veniam vel.", "headers_schema": "Omnis eos.", "http_method": "Autem quasi vel.", "id": "Quaerat illo qui et.", "name": "Aut dolores ipsum amet perspiciatis.", "password_env_var": "Et voluptatum.", "path": "Quasi enim.", "pathparams_schema": "Velit aspernatur qui.", "queries_schema": "Non consectetur.", "security_type": "Voluptates molestias corrupti.", "server_env_var": "Iste id suscipit corrupti ea et quaerat.", "username_env_var": "Non iusto et ut."}, {"apikey_env_var": "Nesciunt et dolores deleniti aut ipsam.", "bearer_env_var": "Corporis dolor.", "body_schema": "Praesentium voluptas dolor magnam voluptates est.", "description": "Et dignissimos veniam vel.", "headers_schema": "Omnis eos.", "http_method": "Autem quasi vel.", "id": "Quaerat illo qui et.", "name": "Aut dolores ipsum amet perspiciatis.", "password_env_var": "Et voluptatum.", "path": "Quasi enim.", "pathparams_schema": "Velit aspernatur qui.", "queries_schema": "Non consectetur.", "security_type": "Voluptates molestias corrupti.", "server_env_var": "Iste id suscipit corrupti ea et quaerat.", "username_env_var": "Non iusto et ut."}, {"apikey_env_var": "Nesciunt et dolores deleniti aut ipsam.", "bearer_env_var": "Corporis dolor.", "body_schema": "Praesentium voluptas dolor magnam voluptates est.", "description": "Et dignissimos veniam vel.", "headers_schema": "Omnis eos.", "http_method": "Autem quasi vel.", "id": "Quaerat illo qui et.", "name": "Aut dolores ipsum amet perspiciatis.", "password_env_var": "Et voluptatum.", "path": "Quasi enim.", "pathparams_schema": "Velit aspernatur qui.", "queries_schema": "Non consectetur.", "security_type": "Voluptates molestias corrupti.", "server_env_var": "Iste id suscipit corrupti ea et quaerat.", "username_env_var": "Non iusto et ut."}, {"apikey_env_var": "Nesciunt et dolores deleniti aut ipsam.", "bearer_env_var": "Corporis dolor.", "body_schema": "Praesentium voluptas dolor magnam voluptates est.", "description": "Et dignissimos veniam vel.", "headers_schema": "Omnis eos.", "http_method": "Autem quasi vel.", "id": "Quaerat illo qui et.", "name": "Aut dolores ipsum amet perspiciatis.", "password_env_var": "Et voluptatum.", "path": "Quasi enim.", "pathparams_schema": "Velit aspernatur qui.", "queries_schema": "Non consectetur.", "security_type": "Voluptates molestias corrupti.", "server_env_var": "Iste id suscipit corrupti ea et quaerat.", "username_env_var": "Non iusto et ut."}], "id": "Corporis labore.", "name": "Saepe distinctio blanditiis qui vel explicabo sint.", "organization_id": "Porro qui rerum ut reiciendis nisi et.", "project_id": "Amet dolor.", "updated_at": "Odit sit iste itaque itaque atque."}
  toolsets#listToolsets:
    "":
      parameters:
        query:
          project_id: "Quos neque voluptatum rerum veniam commodi."
        header:
          X-Gram-Session: "Atque fuga."
      responses:
        "200":
          application/json: {"toolsets": [{"created_at": "Modi aliquam aut provident incidunt suscipit.", "description": "Odit ut libero saepe.", "http_tool_ids": ["Eum officia et nemo rerum animi.", "Numquam officia voluptas aspernatur quibusdam veritatis.", "Consequatur itaque."], "id": "Deleniti ea tenetur a ut.", "name": "Quam nisi praesentium maxime.", "organization_id": "Eaque eum repellat aliquid magnam.", "project_id": "Deleniti enim sit quia et aut autem.", "updated_at": "Minus ea est."}, {"created_at": "Modi aliquam aut provident incidunt suscipit.", "description": "Odit ut libero saepe.", "http_tool_ids": ["Eum officia et nemo rerum animi.", "Numquam officia voluptas aspernatur quibusdam veritatis.", "Consequatur itaque."], "id": "Deleniti ea tenetur a ut.", "name": "Quam nisi praesentium maxime.", "organization_id": "Eaque eum repellat aliquid magnam.", "project_id": "Deleniti enim sit quia et aut autem.", "updated_at": "Minus ea est."}, {"created_at": "Modi aliquam aut provident incidunt suscipit.", "description": "Odit ut libero saepe.", "http_tool_ids": ["Eum officia et nemo rerum animi.", "Numquam officia voluptas aspernatur quibusdam veritatis.", "Consequatur itaque."], "id": "Deleniti ea tenetur a ut.", "name": "Quam nisi praesentium maxime.", "organization_id": "Eaque eum repellat aliquid magnam.", "project_id": "Deleniti enim sit quia et aut autem.", "updated_at": "Minus ea est."}]}
  toolsets#updateToolset:
    "":
      parameters:
        path:
          id: "Eius debitis esse fugiat architecto."
        header:
          X-Gram-Session: "Aut nam labore quidem."
      requestBody:
        application/json: {"description": "Laboriosam voluptatem ullam doloribus ut quaerat.", "http_tool_ids_to_add": ["Fuga id ea et esse.", "Error et enim nostrum doloremque.", "Maxime error voluptatum dolore debitis."], "http_tool_ids_to_remove": ["Magnam nostrum aut sunt itaque.", "Assumenda ut."], "name": "Nemo assumenda quas dolor."}
      responses:
        "200":
          application/json: {"created_at": "Autem ut totam sint assumenda perspiciatis.", "description": "Velit maiores laudantium.", "http_tool_ids": ["Repellendus aspernatur voluptatem aspernatur dolores nihil.", "Est reiciendis aspernatur.", "Magni et quia consectetur voluptatibus voluptas iusto.", "Sit deleniti sint enim consequatur."], "id": "Accusantium voluptas vel.", "name": "Dignissimos quis.", "organization_id": "Minus laudantium dolore.", "project_id": "Consequuntur est soluta reprehenderit quia doloribus.", "updated_at": "Facere sed fuga corrupti."}
examplesVersion: 1.0.0
generatedTests: {}
