speakeasyVersion: 1.761.5
sources:
    Gram-Internal:
        sourceNamespace: gram-api-description
        sourceRevisionDigest: sha256:226d70c3a961212edfb9ad2a55789fbaeb7fce6f221945214d27209c970798b5
        sourceBlobDigest: sha256:d32a3e31232f830188fe81fbf9417f93f2faa261139335606f339276d06431b4
        tags:
            - latest
            - 0.0.1
targets:
    gram-internal:
        source: Gram-Internal
        sourceNamespace: gram-api-description
        sourceRevisionDigest: sha256:226d70c3a961212edfb9ad2a55789fbaeb7fce6f221945214d27209c970798b5
        sourceBlobDigest: sha256:d32a3e31232f830188fe81fbf9417f93f2faa261139335606f339276d06431b4
workflow:
    workflowVersion: 1.0.0
    speakeasyVersion: pinned
    sources:
        Gram-Internal:
            inputs:
                - location: server/gen/http/openapi3.yaml
            overlays:
                - location: overlays/goa.yaml
            output: .speakeasy/out.openapi.yaml
            registry:
                location: registry.speakeasyapi.dev/gram/gram/gram-api-description
        Gram-Public:
            inputs:
                - location: server/gen/http/openapi3.yaml
            overlays:
                - location: overlays/goa.yaml
                - location: overlays/public-sdk.yaml
            output: .speakeasy/openapi-public.yaml
            registry:
                location: registry.speakeasyapi.dev/gram/gram/gram-public-api-description
    targets:
        gram-internal:
            target: typescript
            source: Gram-Internal
            output: client/sdk
            codeSamples:
                registry:
                    location: registry.speakeasyapi.dev/gram/gram/gram-api-description-typescript-code-samples
                labelOverride:
                    fixedValue: Typescript (SDK)
                blocking: false
