speakeasyVersion: 1.542.3
sources:
    Gram Internal:
        sourceNamespace: gram-api-description
        sourceRevisionDigest: sha256:af8b5ae36984bcd64fe7f794f2501791fd6f662b0330ebac579d0df48b933082
        sourceBlobDigest: sha256:582b9bc867c1e0570dcaf4ac8124c66854b7465851509418c7629c11a6bf006d
        tags:
            - latest
            - 0.0.1
targets:
    gram-internal:
        source: Gram Internal
        sourceNamespace: gram-api-description
        sourceRevisionDigest: sha256:af8b5ae36984bcd64fe7f794f2501791fd6f662b0330ebac579d0df48b933082
        sourceBlobDigest: sha256:582b9bc867c1e0570dcaf4ac8124c66854b7465851509418c7629c11a6bf006d
        codeSamplesNamespace: gram-api-description-typescript-code-samples
        codeSamplesRevisionDigest: sha256:c4a735b7721b9c024c9a0d7fd13bc2a10b19905b756fa193cc023239bc1a9bda
workflow:
    workflowVersion: 1.0.0
    speakeasyVersion: latest
    sources:
        Gram Internal:
            inputs:
                - location: server/gen/http/openapi3.yaml
            overlays:
                - location: overlays/goa.yaml
            registry:
                location: registry.speakeasyapi.dev/speakeasy-self/speakeasy-self/gram-api-description
        Gram Public:
            inputs:
                - location: server/gen/http/openapi3.yaml
            overlays:
                - location: overlays/goa.yaml
                - location: overlays/public-sdk.yaml
            registry:
                location: registry.speakeasyapi.dev/speakeasy-self/speakeasy-self/gram-api-description
    targets:
        gram-internal:
            target: typescript
            source: Gram Internal
            output: client/sdk
            codeSamples:
                registry:
                    location: registry.speakeasyapi.dev/speakeasy-self/speakeasy-self/gram-api-description-typescript-code-samples
                labelOverride:
                    fixedValue: Typescript (SDK)
                blocking: false
        gram-public-py:
            target: python
            source: Gram Public
            output: sdks/python
            publish:
                pypi:
                    token: $pypi_token
            codeSamples:
                registry:
                    location: registry.speakeasyapi.dev/speakeasy-self/speakeasy-self/gram-api-description-python-code-samples
                labelOverride:
                    fixedValue: Python (SDK)
                blocking: false
        gram-public-ts:
            target: typescript
            source: Gram Public
            output: sdks/typescript
            publish:
                npm:
                    token: $npm_token
            codeSamples:
                registry:
                    location: registry.speakeasyapi.dev/speakeasy-self/speakeasy-self/gram-api-description-typescript-code-samples
                labelOverride:
                    fixedValue: Typescript (SDK)
                blocking: false
