speakeasyVersion: 1.700.2
sources:
    Gram-Internal:
        sourceNamespace: gram-api-description
        sourceRevisionDigest: sha256:14a7d1d081d18742ee48f734f27ec31226e519120631ecdd948e15614805b34a
        sourceBlobDigest: sha256:e6b44b847f865639e726260c52a2270ee20565a0fbcc4d005d8bbdcb3dd74630
        tags:
            - latest
            - 0.0.1
targets:
    gram-internal:
        source: Gram-Internal
        sourceNamespace: gram-api-description
        sourceRevisionDigest: sha256:14a7d1d081d18742ee48f734f27ec31226e519120631ecdd948e15614805b34a
        sourceBlobDigest: sha256:e6b44b847f865639e726260c52a2270ee20565a0fbcc4d005d8bbdcb3dd74630
workflow:
    workflowVersion: 1.0.0
    speakeasyVersion: pinned
    sources:
        Gram-Internal:
            inputs:
                - location: server/gen/http/openapi3.yaml
            overlays:
                - location: overlays/goa.yaml
            output: .speakeasy/out.openapi.yaml
            registry:
                location: registry.speakeasyapi.dev/gram/gram/gram-api-description
        Gram-Public:
            inputs:
                - location: server/gen/http/openapi3.yaml
            overlays:
                - location: overlays/goa.yaml
                - location: overlays/public-sdk.yaml
            output: .speakeasy/openapi-public.yaml
            registry:
                location: registry.speakeasyapi.dev/gram/gram/gram-public-api-description
    targets:
        gram-internal:
            target: typescript
            source: Gram-Internal
            output: client/sdk
            codeSamples:
                registry:
                    location: registry.speakeasyapi.dev/gram/gram/gram-api-description-typescript-code-samples
                labelOverride:
                    fixedValue: Typescript (SDK)
                blocking: false
